
Microsoft Visual Studio Solution File, Format Version 12.00
# Visual Studio Version 17
VisualStudioVersion = 17.0.31903.59
MinimumVisualStudioVersion = 10.0.40219.1
Project("{2150E333-8FDC-42A3-9474-1A3956D46DE8}") = "src", "src", "{827E0CD3-B72D-47B6-A68D-7590B98EB39B}"
EndProject
Project("{FAE04EC0-301F-11D3-BF4B-00C04F79EFBC}") = "ArchLens.Auth.Domain", "src\ArchLens.Auth.Domain\ArchLens.Auth.Domain.csproj", "{2F6EEE59-AFEA-40FE-9E30-2DC8408F2611}"
EndProject
Project("{FAE04EC0-301F-11D3-BF4B-00C04F79EFBC}") = "ArchLens.Auth.Application.Contracts", "src\ArchLens.Auth.Application.Contracts\ArchLens.Auth.Application.Contracts.csproj", "{21840A81-F2D1-48CB-AACC-6EA560FE674F}"
EndProject
Project("{FAE04EC0-301F-11D3-BF4B-00C04F79EFBC}") = "ArchLens.Auth.Application", "src\ArchLens.Auth.Application\ArchLens.Auth.Application.csproj", "{DB7B4411-E141-4875-B595-762CFC127C5A}"
EndProject
Project("{FAE04EC0-301F-11D3-BF4B-00C04F79EFBC}") = "ArchLens.Auth.Infrastructure", "src\ArchLens.Auth.Infrastructure\ArchLens.Auth.Infrastructure.csproj", "{232F90BC-E0AB-4D5D-AC33-24B9506A571F}"
EndProject
Project("{FAE04EC0-301F-11D3-BF4B-00C04F79EFBC}") = "ArchLens.Auth.Api", "src\ArchLens.Auth.Api\ArchLens.Auth.Api.csproj", "{AEDDBD0F-28B6-47BA-911F-B082DC98A780}"
EndProject
Project("{FAE04EC0-301F-11D3-BF4B-00C04F79EFBC}") = "ArchLens.Auth.Tests", "tests\ArchLens.Auth.Tests\ArchLens.Auth.Tests.csproj", "{6238574D-E54B-4B06-82A0-B92A268500AA}"
EndProject
Project("{2150E333-8FDC-42A3-9474-1A3956D46DE8}") = "tests", "tests", "{0AB3BF05-4346-4AA6-1389-037BE0695223}"
EndProject
Project("{FAE04EC0-301F-11D3-BF4B-00C04F79EFBC}") = "ArchLens.Auth.Tests.BDD", "tests\ArchLens.Auth.Tests.BDD\ArchLens.Auth.Tests.BDD.csproj", "{669355B3-5AD5-422E-9981-F97C35EFFEA8}"
EndProject
Global
	GlobalSection(SolutionConfigurationPlatforms) = preSolution
		Debug|Any CPU = Debug|Any CPU
		Debug|x64 = Debug|x64
		Debug|x86 = Debug|x86
		Release|Any CPU = Release|Any CPU
		Release|x64 = Release|x64
		Release|x86 = Release|x86
	EndGlobalSection
	GlobalSection(ProjectConfigurationPlatforms) = postSolution
		{2F6EEE59-AFEA-40FE-9E30-2DC8408F2611}.Debug|Any CPU.ActiveCfg = Debug|Any CPU
		{2F6EEE59-AFEA-40FE-9E30-2DC8408F2611}.Debug|Any CPU.Build.0 = Debug|Any CPU
		{2F6EEE59-AFEA-40FE-9E30-2DC8408F2611}.Debug|x64.ActiveCfg = Debug|Any CPU
		{2F6EEE59-AFEA-40FE-9E30-2DC8408F2611}.Debug|x64.Build.0 = Debug|Any CPU
		{2F6EEE59-AFEA-40FE-9E30-2DC8408F2611}.Debug|x86.ActiveCfg = Debug|Any CPU
		{2F6EEE59-AFEA-40FE-9E30-2DC8408F2611}.Debug|x86.Build.0 = Debug|Any CPU
		{2F6EEE59-AFEA-40FE-9E30-2DC8408F2611}.Release|Any CPU.ActiveCfg = Release|Any CPU
		{2F6EEE59-AFEA-40FE-9E30-2DC8408F2611}.Release|Any CPU.Build.0 = Release|Any CPU
		{2F6EEE59-AFEA-40FE-9E30-2DC8408F2611}.Release|x64.ActiveCfg = Release|Any CPU
		{2F6EEE59-AFEA-40FE-9E30-2DC8408F2611}.Release|x64.Build.0 = Release|Any CPU
		{2F6EEE59-AFEA-40FE-9E30-2DC8408F2611}.Release|x86.ActiveCfg = Release|Any CPU
		{2F6EEE59-AFEA-40FE-9E30-2DC8408F2611}.Release|x86.Build.0 = Release|Any CPU
		{21840A81-F2D1-48CB-AACC-6EA560FE674F}.Debug|Any CPU.ActiveCfg = Debug|Any CPU
		{21840A81-F2D1-48CB-AACC-6EA560FE674F}.Debug|Any CPU.Build.0 = Debug|Any CPU
		{21840A81-F2D1-48CB-AACC-6EA560FE674F}.Debug|x64.ActiveCfg = Debug|Any CPU
		{21840A81-F2D1-48CB-AACC-6EA560FE674F}.Debug|x64.Build.0 = Debug|Any CPU
		{21840A81-F2D1-48CB-AACC-6EA560FE674F}.Debug|x86.ActiveCfg = Debug|Any CPU
		{21840A81-F2D1-48CB-AACC-6EA560FE674F}.Debug|x86.Build.0 = Debug|Any CPU
		{21840A81-F2D1-48CB-AACC-6EA560FE674F}.Release|Any CPU.ActiveCfg = Release|Any CPU
		{21840A81-F2D1-48CB-AACC-6EA560FE674F}.Release|Any CPU.Build.0 = Release|Any CPU
		{21840A81-F2D1-48CB-AACC-6EA560FE674F}.Release|x64.ActiveCfg = Release|Any CPU
		{21840A81-F2D1-48CB-AACC-6EA560FE674F}.Release|x64.Build.0 = Release|Any CPU
		{21840A81-F2D1-48CB-AACC-6EA560FE674F}.Release|x86.ActiveCfg = Release|Any CPU
		{21840A81-F2D1-48CB-AACC-6EA560FE674F}.Release|x86.Build.0 = Release|Any CPU
		{DB7B4411-E141-4875-B595-762CFC127C5A}.Debug|Any CPU.ActiveCfg = Debug|Any CPU
		{DB7B4411-E141-4875-B595-762CFC127C5A}.Debug|Any CPU.Build.0 = Debug|Any CPU
		{DB7B4411-E141-4875-B595-762CFC127C5A}.Debug|x64.ActiveCfg = Debug|Any CPU
		{DB7B4411-E141-4875-B595-762CFC127C5A}.Debug|x64.Build.0 = Debug|Any CPU
		{DB7B4411-E141-4875-B595-762CFC127C5A}.Debug|x86.ActiveCfg = Debug|Any CPU
		{DB7B4411-E141-4875-B595-762CFC127C5A}.Debug|x86.Build.0 = Debug|Any CPU
		{DB7B4411-E141-4875-B595-762CFC127C5A}.Release|Any CPU.ActiveCfg = Release|Any CPU
		{DB7B4411-E141-4875-B595-762CFC127C5A}.Release|Any CPU.Build.0 = Release|Any CPU
		{DB7B4411-E141-4875-B595-762CFC127C5A}.Release|x64.ActiveCfg = Release|Any CPU
		{DB7B4411-E141-4875-B595-762CFC127C5A}.Release|x64.Build.0 = Release|Any CPU
		{DB7B4411-E141-4875-B595-762CFC127C5A}.Release|x86.ActiveCfg = Release|Any CPU
		{DB7B4411-E141-4875-B595-762CFC127C5A}.Release|x86.Build.0 = Release|Any CPU
		{232F90BC-E0AB-4D5D-AC33-24B9506A571F}.Debug|Any CPU.ActiveCfg = Debug|Any CPU
		{232F90BC-E0AB-4D5D-AC33-24B9506A571F}.Debug|Any CPU.Build.0 = Debug|Any CPU
		{232F90BC-E0AB-4D5D-AC33-24B9506A571F}.Debug|x64.ActiveCfg = Debug|Any CPU
		{232F90BC-E0AB-4D5D-AC33-24B9506A571F}.Debug|x64.Build.0 = Debug|Any CPU
		{232F90BC-E0AB-4D5D-AC33-24B9506A571F}.Debug|x86.ActiveCfg = Debug|Any CPU
		{232F90BC-E0AB-4D5D-AC33-24B9506A571F}.Debug|x86.Build.0 = Debug|Any CPU
		{232F90BC-E0AB-4D5D-AC33-24B9506A571F}.Release|Any CPU.ActiveCfg = Release|Any CPU
		{232F90BC-E0AB-4D5D-AC33-24B9506A571F}.Release|Any CPU.Build.0 = Release|Any CPU
		{232F90BC-E0AB-4D5D-AC33-24B9506A571F}.Release|x64.ActiveCfg = Release|Any CPU
		{232F90BC-E0AB-4D5D-AC33-24B9506A571F}.Release|x64.Build.0 = Release|Any CPU
		{232F90BC-E0AB-4D5D-AC33-24B9506A571F}.Release|x86.ActiveCfg = Release|Any CPU
		{232F90BC-E0AB-4D5D-AC33-24B9506A571F}.Release|x86.Build.0 = Release|Any CPU
		{AEDDBD0F-28B6-47BA-911F-B082DC98A780}.Debug|Any CPU.ActiveCfg = Debug|Any CPU
		{AEDDBD0F-28B6-47BA-911F-B082DC98A780}.Debug|Any CPU.Build.0 = Debug|Any CPU
		{AEDDBD0F-28B6-47BA-911F-B082DC98A780}.Debug|x64.ActiveCfg = Debug|Any CPU
		{AEDDBD0F-28B6-47BA-911F-B082DC98A780}.Debug|x64.Build.0 = Debug|Any CPU
		{AEDDBD0F-28B6-47BA-911F-B082DC98A780}.Debug|x86.ActiveCfg = Debug|Any CPU
		{AEDDBD0F-28B6-47BA-911F-B082DC98A780}.Debug|x86.Build.0 = Debug|Any CPU
		{AEDDBD0F-28B6-47BA-911F-B082DC98A780}.Release|Any CPU.ActiveCfg = Release|Any CPU
		{AEDDBD0F-28B6-47BA-911F-B082DC98A780}.Release|Any CPU.Build.0 = Release|Any CPU
		{AEDDBD0F-28B6-47BA-911F-B082DC98A780}.Release|x64.ActiveCfg = Release|Any CPU
		{AEDDBD0F-28B6-47BA-911F-B082DC98A780}.Release|x64.Build.0 = Release|Any CPU
		{AEDDBD0F-28B6-47BA-911F-B082DC98A780}.Release|x86.ActiveCfg = Release|Any CPU
		{AEDDBD0F-28B6-47BA-911F-B082DC98A780}.Release|x86.Build.0 = Release|Any CPU
		{6238574D-E54B-4B06-82A0-B92A268500AA}.Debug|Any CPU.ActiveCfg = Debug|Any CPU
		{6238574D-E54B-4B06-82A0-B92A268500AA}.Debug|Any CPU.Build.0 = Debug|Any CPU
		{6238574D-E54B-4B06-82A0-B92A268500AA}.Debug|x64.ActiveCfg = Debug|Any CPU
		{6238574D-E54B-4B06-82A0-B92A268500AA}.Debug|x64.Build.0 = Debug|Any CPU
		{6238574D-E54B-4B06-82A0-B92A268500AA}.Debug|x86.ActiveCfg = Debug|Any CPU
		{6238574D-E54B-4B06-82A0-B92A268500AA}.Debug|x86.Build.0 = Debug|Any CPU
		{6238574D-E54B-4B06-82A0-B92A268500AA}.Release|Any CPU.ActiveCfg = Release|Any CPU
		{6238574D-E54B-4B06-82A0-B92A268500AA}.Release|Any CPU.Build.0 = Release|Any CPU
		{6238574D-E54B-4B06-82A0-B92A268500AA}.Release|x64.ActiveCfg = Release|Any CPU
		{6238574D-E54B-4B06-82A0-B92A268500AA}.Release|x64.Build.0 = Release|Any CPU
		{6238574D-E54B-4B06-82A0-B92A268500AA}.Release|x86.ActiveCfg = Release|Any CPU
		{6238574D-E54B-4B06-82A0-B92A268500AA}.Release|x86.Build.0 = Release|Any CPU
		{669355B3-5AD5-422E-9981-F97C35EFFEA8}.Debug|Any CPU.ActiveCfg = Debug|Any CPU
		{669355B3-5AD5-422E-9981-F97C35EFFEA8}.Debug|Any CPU.Build.0 = Debug|Any CPU
		{669355B3-5AD5-422E-9981-F97C35EFFEA8}.Debug|x64.ActiveCfg = Debug|Any CPU
		{669355B3-5AD5-422E-9981-F97C35EFFEA8}.Debug|x64.Build.0 = Debug|Any CPU
		{669355B3-5AD5-422E-9981-F97C35EFFEA8}.Debug|x86.ActiveCfg = Debug|Any CPU
		{669355B3-5AD5-422E-9981-F97C35EFFEA8}.Debug|x86.Build.0 = Debug|Any CPU
		{669355B3-5AD5-422E-9981-F97C35EFFEA8}.Release|Any CPU.ActiveCfg = Release|Any CPU
		{669355B3-5AD5-422E-9981-F97C35EFFEA8}.Release|Any CPU.Build.0 = Release|Any CPU
		{669355B3-5AD5-422E-9981-F97C35EFFEA8}.Release|x64.ActiveCfg = Release|Any CPU
		{669355B3-5AD5-422E-9981-F97C35EFFEA8}.Release|x64.Build.0 = Release|Any CPU
		{669355B3-5AD5-422E-9981-F97C35EFFEA8}.Release|x86.ActiveCfg = Release|Any CPU
		{669355B3-5AD5-422E-9981-F97C35EFFEA8}.Release|x86.Build.0 = Release|Any CPU
	EndGlobalSection
	GlobalSection(SolutionProperties) = preSolution
		HideSolutionNode = FALSE
	EndGlobalSection
	GlobalSection(NestedProjects) = preSolution
		{2F6EEE59-AFEA-40FE-9E30-2DC8408F2611} = {827E0CD3-B72D-47B6-A68D-7590B98EB39B}
		{21840A81-F2D1-48CB-AACC-6EA560FE674F} = {827E0CD3-B72D-47B6-A68D-7590B98EB39B}
		{DB7B4411-E141-4875-B595-762CFC127C5A} = {827E0CD3-B72D-47B6-A68D-7590B98EB39B}
		{232F90BC-E0AB-4D5D-AC33-24B9506A571F} = {827E0CD3-B72D-47B6-A68D-7590B98EB39B}
		{AEDDBD0F-28B6-47BA-911F-B082DC98A780} = {827E0CD3-B72D-47B6-A68D-7590B98EB39B}
		{6238574D-E54B-4B06-82A0-B92A268500AA} = {827E0CD3-B72D-47B6-A68D-7590B98EB39B}
		{669355B3-5AD5-422E-9981-F97C35EFFEA8} = {0AB3BF05-4346-4AA6-1389-037BE0695223}
	EndGlobalSection
EndGlobal
